
Microsoft Visual Studio Solution File, Format Version 12.00
# Visual Studio Version 16
VisualStudioVersion = 16.0.34031.81
MinimumVisualStudioVersion = 10.0.40219.1
Project("{2150E333-8FDC-42A3-9474-1A3956D46DE8}") = "Task0", "Task0", "{D1376A6D-D5E1-4112-80EE-57F74D16A4BF}"
EndProject
Project("{FAE04EC0-301F-11D3-BF4B-00C04F79EFBC}") = "Tyuiu.SolievAH.Sprint1.Task0.V25", "Tyuiu.SolievAH.Sprint1.Task0.V25\Tyuiu.SolievAH.Sprint1.Task0.V25.csproj", "{491F6A1E-4357-4BD0-A06E-6E3136F59912}"
EndProject
Project("{FAE04EC0-301F-11D3-BF4B-00C04F79EFBC}") = "Tyuiu.SolievAH.Sprint1.Task0.V25.Lib", "Tyuiu.SolievAH.Sprint1.Task0.V25.Lib\Tyuiu.SolievAH.Sprint1.Task0.V25.Lib.csproj", "{83F65FAE-298B-4A92-AE68-C8C30C6B11D4}"
EndProject
Project("{FAE04EC0-301F-11D3-BF4B-00C04F79EFBC}") = "Tyuiu.SolievAH.Sprint1.Task0.V2.Test", "Tyuiu.SolievAH.Sprint1.Task0.V2.Test\Tyuiu.SolievAH.Sprint1.Task0.V2.Test.csproj", "{C2759A7A-7235-427E-9DDD-FA1DFBC471DD}"
EndProject
Project("{2150E333-8FDC-42A3-9474-1A3956D46DE8}") = "Task1", "Task1", "{1DC62478-24CE-4D4D-9F77-BE4709951AFF}"
EndProject
Project("{FAE04EC0-301F-11D3-BF4B-00C04F79EFBC}") = "Tyuiu.SolievAH.Sprint1.Task1.V27.Lib", "Tyuiu.SolievAH.Sprint1.Task1.V27.Lib\Tyuiu.SolievAH.Sprint1.Task1.V27.Lib.csproj", "{FB034F97-548F-4D13-8551-5870BA0824C0}"
EndProject
Project("{FAE04EC0-301F-11D3-BF4B-00C04F79EFBC}") = "Tyuiu.SolievAH.Sprint1.Task1.V27", "Tyuiu.SolievAH.Sprint1.Task1.V27\Tyuiu.SolievAH.Sprint1.Task1.V27.csproj", "{8792CE61-9F75-4976-8336-08C975819589}"
EndProject
Project("{FAE04EC0-301F-11D3-BF4B-00C04F79EFBC}") = "Tyuiu.SolievAH.Sprint1.Task1.V27.Test", "Tyuiu.SolievAH.Sprint1.Task1.V27.Test\Tyuiu.SolievAH.Sprint1.Task1.V27.Test.csproj", "{02FAEBE8-DB2D-4082-8456-B1E874A62279}"
EndProject
Project("{2150E333-8FDC-42A3-9474-1A3956D46DE8}") = "Task2", "Task2", "{2E8970E2-ECFD-4028-90F6-7DDA23655DB1}"
EndProject
Project("{FAE04EC0-301F-11D3-BF4B-00C04F79EFBC}") = "Tyuiu.SolievAH.Sprint1.Task2.V16", "Tyuiu.SolievAH.Sprint1.Task2.V16\Tyuiu.SolievAH.Sprint1.Task2.V16.csproj", "{32185A93-54A7-4638-A43B-02585876544F}"
EndProject
Project("{FAE04EC0-301F-11D3-BF4B-00C04F79EFBC}") = "Tyuiu.SolievAH.Sprint1.Task2.V16.Test", "Tyuiu.SolievAH.Sprint1.Task2.V16.Test\Tyuiu.SolievAH.Sprint1.Task2.V16.Test.csproj", "{0739BA50-AF52-436E-93F4-83A64D518E38}"
EndProject
Project("{FAE04EC0-301F-11D3-BF4B-00C04F79EFBC}") = "Tyuiu.SolievAH.Sprint1.Task2.V16.Lib", "Tyuiu.SolievAH.Sprint1.Task2.V16.Lib\Tyuiu.SolievAH.Sprint1.Task2.V16.Lib.csproj", "{A970DF29-E7BA-4C26-8C95-2D17069F2EF8}"
EndProject
Project("{2150E333-8FDC-42A3-9474-1A3956D46DE8}") = "Task3", "Task3", "{49600726-95BA-4EFF-833F-1D9294029E27}"
EndProject
Project("{FAE04EC0-301F-11D3-BF4B-00C04F79EFBC}") = "Tyuiu.SolievAH.Sprint1.Task3.V14", "Tyuiu.SolievAH.Sprint1.Task3.V14\Tyuiu.SolievAH.Sprint1.Task3.V14.csproj", "{3E37AA50-3362-4CEC-95E6-EDB44E1F033C}"
EndProject
Project("{FAE04EC0-301F-11D3-BF4B-00C04F79EFBC}") = "Tyuiu.SolievAH.Sprint1.Task3.V14.Lib", "Tyuiu.SolievAH.Sprint1.Task3.V14.Lib\Tyuiu.SolievAH.Sprint1.Task3.V14.Lib.csproj", "{D6F1706B-8E60-433C-AFA3-E51B09DB00DD}"
EndProject
Project("{FAE04EC0-301F-11D3-BF4B-00C04F79EFBC}") = "Tyuiu.SolievAH.Sprint1.Task3.V14.Test", "Tyuiu.SolievAH.Sprint1.Task3.V14.Test\Tyuiu.SolievAH.Sprint1.Task3.V14.Test.csproj", "{8FA2126A-B51A-4CB9-93CE-26A116077D9D}"
EndProject
Project("{2150E333-8FDC-42A3-9474-1A3956D46DE8}") = "Task4", "Task4", "{042F4B23-101E-43F4-A414-CC283D043FD5}"
EndProject
Project("{FAE04EC0-301F-11D3-BF4B-00C04F79EFBC}") = "Tyuiu.SolievAH.Sprint1.Task4.V28", "Tyuiu.SolievAH.Sprint1.Task4.V28\Tyuiu.SolievAH.Sprint1.Task4.V28.csproj", "{30E7E473-F48A-4E5D-91F3-3ECFBF12F6F3}"
EndProject
Project("{FAE04EC0-301F-11D3-BF4B-00C04F79EFBC}") = "Tyuiu.SolievAH.Sprint1.Task4.V28.Test", "Tyuiu.SolievAH.Sprint1.Task4.V28.Test\Tyuiu.SolievAH.Sprint1.Task4.V28.Test.csproj", "{B6377B9B-424C-412E-B1B9-A46932B11C73}"
EndProject
Project("{FAE04EC0-301F-11D3-BF4B-00C04F79EFBC}") = "Tyuiu.SolievAH.Sprint1.Task4.V28.Lib", "Tyuiu.SolievAH.Sprint1.Task4.V28.Lib\Tyuiu.SolievAH.Sprint1.Task4.V28.Lib.csproj", "{C4097F50-5253-48C1-A25E-C9E7146E2437}"
EndProject
Project("{2150E333-8FDC-42A3-9474-1A3956D46DE8}") = "Task5", "Task5", "{6AE7D259-8580-4743-B7FD-40F15381B491}"
EndProject
Project("{FAE04EC0-301F-11D3-BF4B-00C04F79EFBC}") = "Tyuiu.SolievAH.Sprint1.Task5.V7", "Tyuiu.SolievAH.Sprint1.Task5.V7\Tyuiu.SolievAH.Sprint1.Task5.V7.csproj", "{4B166885-81A2-4B9F-BF17-B5F613BA74DF}"
EndProject
Project("{FAE04EC0-301F-11D3-BF4B-00C04F79EFBC}") = "Tyuiu.SolievAH.Sprint1.Task5.V7.Lib", "Tyuiu.SolievAH.Sprint1.Task5.V7.Lib\Tyuiu.SolievAH.Sprint1.Task5.V7.Lib.csproj", "{A6F4CB17-2277-4201-B5A5-7AD75A7C0AAC}"
EndProject
Project("{FAE04EC0-301F-11D3-BF4B-00C04F79EFBC}") = "Tyuiu.SolievAH.Sprint1.Task5.V7.Test", "Tyuiu.SolievAH.Sprint1.Task5.V7.Test\Tyuiu.SolievAH.Sprint1.Task5.V7.Test.csproj", "{46A34E2B-6FA1-4ACA-92F4-FA5B8F99140F}"
EndProject
Global
	GlobalSection(SolutionConfigurationPlatforms) = preSolution
		Debug|Any CPU = Debug|Any CPU
		Release|Any CPU = Release|Any CPU
	EndGlobalSection
	GlobalSection(ProjectConfigurationPlatforms) = postSolution
		{491F6A1E-4357-4BD0-A06E-6E3136F59912}.Debug|Any CPU.ActiveCfg = Debug|Any CPU
		{491F6A1E-4357-4BD0-A06E-6E3136F59912}.Debug|Any CPU.Build.0 = Debug|Any CPU
		{491F6A1E-4357-4BD0-A06E-6E3136F59912}.Release|Any CPU.ActiveCfg = Release|Any CPU
		{491F6A1E-4357-4BD0-A06E-6E3136F59912}.Release|Any CPU.Build.0 = Release|Any CPU
		{83F65FAE-298B-4A92-AE68-C8C30C6B11D4}.Debug|Any CPU.ActiveCfg = Debug|Any CPU
		{83F65FAE-298B-4A92-AE68-C8C30C6B11D4}.Debug|Any CPU.Build.0 = Debug|Any CPU
		{83F65FAE-298B-4A92-AE68-C8C30C6B11D4}.Release|Any CPU.ActiveCfg = Release|Any CPU
		{83F65FAE-298B-4A92-AE68-C8C30C6B11D4}.Release|Any CPU.Build.0 = Release|Any CPU
		{C2759A7A-7235-427E-9DDD-FA1DFBC471DD}.Debug|Any CPU.ActiveCfg = Debug|Any CPU
		{C2759A7A-7235-427E-9DDD-FA1DFBC471DD}.Debug|Any CPU.Build.0 = Debug|Any CPU
		{C2759A7A-7235-427E-9DDD-FA1DFBC471DD}.Release|Any CPU.ActiveCfg = Release|Any CPU
		{C2759A7A-7235-427E-9DDD-FA1DFBC471DD}.Release|Any CPU.Build.0 = Release|Any CPU
		{FB034F97-548F-4D13-8551-5870BA0824C0}.Debug|Any CPU.ActiveCfg = Debug|Any CPU
		{FB034F97-548F-4D13-8551-5870BA0824C0}.Debug|Any CPU.Build.0 = Debug|Any CPU
		{FB034F97-548F-4D13-8551-5870BA0824C0}.Release|Any CPU.ActiveCfg = Release|Any CPU
		{FB034F97-548F-4D13-8551-5870BA0824C0}.Release|Any CPU.Build.0 = Release|Any CPU
		{8792CE61-9F75-4976-8336-08C975819589}.Debug|Any CPU.ActiveCfg = Debug|Any CPU
		{8792CE61-9F75-4976-8336-08C975819589}.Debug|Any CPU.Build.0 = Debug|Any CPU
		{8792CE61-9F75-4976-8336-08C975819589}.Release|Any CPU.ActiveCfg = Release|Any CPU
		{8792CE61-9F75-4976-8336-08C975819589}.Release|Any CPU.Build.0 = Release|Any CPU
		{02FAEBE8-DB2D-4082-8456-B1E874A62279}.Debug|Any CPU.ActiveCfg = Debug|Any CPU
		{02FAEBE8-DB2D-4082-8456-B1E874A62279}.Debug|Any CPU.Build.0 = Debug|Any CPU
		{02FAEBE8-DB2D-4082-8456-B1E874A62279}.Release|Any CPU.ActiveCfg = Release|Any CPU
		{02FAEBE8-DB2D-4082-8456-B1E874A62279}.Release|Any CPU.Build.0 = Release|Any CPU
		{32185A93-54A7-4638-A43B-02585876544F}.Debug|Any CPU.ActiveCfg = Debug|Any CPU
		{32185A93-54A7-4638-A43B-02585876544F}.Debug|Any CPU.Build.0 = Debug|Any CPU
		{32185A93-54A7-4638-A43B-02585876544F}.Release|Any CPU.ActiveCfg = Release|Any CPU
		{32185A93-54A7-4638-A43B-02585876544F}.Release|Any CPU.Build.0 = Release|Any CPU
		{0739BA50-AF52-436E-93F4-83A64D518E38}.Debug|Any CPU.ActiveCfg = Debug|Any CPU
		{0739BA50-AF52-436E-93F4-83A64D518E38}.Debug|Any CPU.Build.0 = Debug|Any CPU
		{0739BA50-AF52-436E-93F4-83A64D518E38}.Release|Any CPU.ActiveCfg = Release|Any CPU
		{0739BA50-AF52-436E-93F4-83A64D518E38}.Release|Any CPU.Build.0 = Release|Any CPU
		{A970DF29-E7BA-4C26-8C95-2D17069F2EF8}.Debug|Any CPU.ActiveCfg = Debug|Any CPU
		{A970DF29-E7BA-4C26-8C95-2D17069F2EF8}.Debug|Any CPU.Build.0 = Debug|Any CPU
		{A970DF29-E7BA-4C26-8C95-2D17069F2EF8}.Release|Any CPU.ActiveCfg = Release|Any CPU
		{A970DF29-E7BA-4C26-8C95-2D17069F2EF8}.Release|Any CPU.Build.0 = Release|Any CPU
		{3E37AA50-3362-4CEC-95E6-EDB44E1F033C}.Debug|Any CPU.ActiveCfg = Debug|Any CPU
		{3E37AA50-3362-4CEC-95E6-EDB44E1F033C}.Debug|Any CPU.Build.0 = Debug|Any CPU
		{3E37AA50-3362-4CEC-95E6-EDB44E1F033C}.Release|Any CPU.ActiveCfg = Release|Any CPU
		{3E37AA50-3362-4CEC-95E6-EDB44E1F033C}.Release|Any CPU.Build.0 = Release|Any CPU
		{D6F1706B-8E60-433C-AFA3-E51B09DB00DD}.Debug|Any CPU.ActiveCfg = Debug|Any CPU
		{D6F1706B-8E60-433C-AFA3-E51B09DB00DD}.Debug|Any CPU.Build.0 = Debug|Any CPU
		{D6F1706B-8E60-433C-AFA3-E51B09DB00DD}.Release|Any CPU.ActiveCfg = Release|Any CPU
		{D6F1706B-8E60-433C-AFA3-E51B09DB00DD}.Release|Any CPU.Build.0 = Release|Any CPU
		{8FA2126A-B51A-4CB9-93CE-26A116077D9D}.Debug|Any CPU.ActiveCfg = Debug|Any CPU
		{8FA2126A-B51A-4CB9-93CE-26A116077D9D}.Debug|Any CPU.Build.0 = Debug|Any CPU
		{8FA2126A-B51A-4CB9-93CE-26A116077D9D}.Release|Any CPU.ActiveCfg = Release|Any CPU
		{8FA2126A-B51A-4CB9-93CE-26A116077D9D}.Release|Any CPU.Build.0 = Release|Any CPU
		{30E7E473-F48A-4E5D-91F3-3ECFBF12F6F3}.Debug|Any CPU.ActiveCfg = Debug|Any CPU
		{30E7E473-F48A-4E5D-91F3-3ECFBF12F6F3}.Debug|Any CPU.Build.0 = Debug|Any CPU
		{30E7E473-F48A-4E5D-91F3-3ECFBF12F6F3}.Release|Any CPU.ActiveCfg = Release|Any CPU
		{30E7E473-F48A-4E5D-91F3-3ECFBF12F6F3}.Release|Any CPU.Build.0 = Release|Any CPU
		{B6377B9B-424C-412E-B1B9-A46932B11C73}.Debug|Any CPU.ActiveCfg = Debug|Any CPU
		{B6377B9B-424C-412E-B1B9-A46932B11C73}.Debug|Any CPU.Build.0 = Debug|Any CPU
		{B6377B9B-424C-412E-B1B9-A46932B11C73}.Release|Any CPU.ActiveCfg = Release|Any CPU
		{B6377B9B-424C-412E-B1B9-A46932B11C73}.Release|Any CPU.Build.0 = Release|Any CPU
		{C4097F50-5253-48C1-A25E-C9E7146E2437}.Debug|Any CPU.ActiveCfg = Debug|Any CPU
		{C4097F50-5253-48C1-A25E-C9E7146E2437}.Debug|Any CPU.Build.0 = Debug|Any CPU
		{C4097F50-5253-48C1-A25E-C9E7146E2437}.Release|Any CPU.ActiveCfg = Release|Any CPU
		{C4097F50-5253-48C1-A25E-C9E7146E2437}.Release|Any CPU.Build.0 = Release|Any CPU
		{4B166885-81A2-4B9F-BF17-B5F613BA74DF}.Debug|Any CPU.ActiveCfg = Debug|Any CPU
		{4B166885-81A2-4B9F-BF17-B5F613BA74DF}.Debug|Any CPU.Build.0 = Debug|Any CPU
		{4B166885-81A2-4B9F-BF17-B5F613BA74DF}.Release|Any CPU.ActiveCfg = Release|Any CPU
		{4B166885-81A2-4B9F-BF17-B5F613BA74DF}.Release|Any CPU.Build.0 = Release|Any CPU
		{A6F4CB17-2277-4201-B5A5-7AD75A7C0AAC}.Debug|Any CPU.ActiveCfg = Debug|Any CPU
		{A6F4CB17-2277-4201-B5A5-7AD75A7C0AAC}.Debug|Any CPU.Build.0 = Debug|Any CPU
		{A6F4CB17-2277-4201-B5A5-7AD75A7C0AAC}.Release|Any CPU.ActiveCfg = Release|Any CPU
		{A6F4CB17-2277-4201-B5A5-7AD75A7C0AAC}.Release|Any CPU.Build.0 = Release|Any CPU
		{46A34E2B-6FA1-4ACA-92F4-FA5B8F99140F}.Debug|Any CPU.ActiveCfg = Debug|Any CPU
		{46A34E2B-6FA1-4ACA-92F4-FA5B8F99140F}.Debug|Any CPU.Build.0 = Debug|Any CPU
		{46A34E2B-6FA1-4ACA-92F4-FA5B8F99140F}.Release|Any CPU.ActiveCfg = Release|Any CPU
		{46A34E2B-6FA1-4ACA-92F4-FA5B8F99140F}.Release|Any CPU.Build.0 = Release|Any CPU
	EndGlobalSection
	GlobalSection(SolutionProperties) = preSolution
		HideSolutionNode = FALSE
	EndGlobalSection
	GlobalSection(NestedProjects) = preSolution
		{491F6A1E-4357-4BD0-A06E-6E3136F59912} = {D1376A6D-D5E1-4112-80EE-57F74D16A4BF}
		{83F65FAE-298B-4A92-AE68-C8C30C6B11D4} = {D1376A6D-D5E1-4112-80EE-57F74D16A4BF}
		{C2759A7A-7235-427E-9DDD-FA1DFBC471DD} = {D1376A6D-D5E1-4112-80EE-57F74D16A4BF}
		{FB034F97-548F-4D13-8551-5870BA0824C0} = {1DC62478-24CE-4D4D-9F77-BE4709951AFF}
		{8792CE61-9F75-4976-8336-08C975819589} = {1DC62478-24CE-4D4D-9F77-BE4709951AFF}
		{02FAEBE8-DB2D-4082-8456-B1E874A62279} = {1DC62478-24CE-4D4D-9F77-BE4709951AFF}
		{32185A93-54A7-4638-A43B-02585876544F} = {2E8970E2-ECFD-4028-90F6-7DDA23655DB1}
		{0739BA50-AF52-436E-93F4-83A64D518E38} = {2E8970E2-ECFD-4028-90F6-7DDA23655DB1}
		{A970DF29-E7BA-4C26-8C95-2D17069F2EF8} = {2E8970E2-ECFD-4028-90F6-7DDA23655DB1}
		{3E37AA50-3362-4CEC-95E6-EDB44E1F033C} = {49600726-95BA-4EFF-833F-1D9294029E27}
		{D6F1706B-8E60-433C-AFA3-E51B09DB00DD} = {49600726-95BA-4EFF-833F-1D9294029E27}
		{8FA2126A-B51A-4CB9-93CE-26A116077D9D} = {49600726-95BA-4EFF-833F-1D9294029E27}
		{30E7E473-F48A-4E5D-91F3-3ECFBF12F6F3} = {042F4B23-101E-43F4-A414-CC283D043FD5}
		{B6377B9B-424C-412E-B1B9-A46932B11C73} = {042F4B23-101E-43F4-A414-CC283D043FD5}
		{C4097F50-5253-48C1-A25E-C9E7146E2437} = {042F4B23-101E-43F4-A414-CC283D043FD5}
		{4B166885-81A2-4B9F-BF17-B5F613BA74DF} = {6AE7D259-8580-4743-B7FD-40F15381B491}
		{A6F4CB17-2277-4201-B5A5-7AD75A7C0AAC} = {6AE7D259-8580-4743-B7FD-40F15381B491}
		{46A34E2B-6FA1-4ACA-92F4-FA5B8F99140F} = {6AE7D259-8580-4743-B7FD-40F15381B491}
	EndGlobalSection
	GlobalSection(ExtensibilityGlobals) = postSolution
		SolutionGuid = {07CC7A8A-21D1-427F-BD6F-DDFC9B79AE92}
	EndGlobalSection
EndGlobal
